// !$*UTF8*$!
{
	archiveVersion = 1;
	classes = {
	};
	objectVersion = 46;
	objects = {

/* Begin PBXBuildFile section */
		491CC83E17CAE2CE00A4474D /* EditViewController.m in Sources */ = {isa = PBXBuildFile; fileRef = 491CC83D17CAE2CE00A4474D /* EditViewController.m */; };
		4957DB6817C9C0580028439A /* example.png in Resources */ = {isa = PBXBuildFile; fileRef = 4957DB6717C9C0580028439A /* example.png */; };
		4957DB6A17C9C0680028439A /* example.png in Resources */ = {isa = PBXBuildFile; fileRef = 4957DB6917C9C0680028439A /* example.png */; };
		4957DB6E17C9C0C80028439A /* example2.png in Resources */ = {isa = PBXBuildFile; fileRef = 4957DB6D17C9C0C80028439A /* example2.png */; };
		4957DB7517C9D0220028439A /* g5666.png in Resources */ = {isa = PBXBuildFile; fileRef = 4957DB7417C9D0220028439A /* g5666.png */; };
		4957DB7717C9D0F30028439A /* g5666@2x.png in Resources */ = {isa = PBXBuildFile; fileRef = 4957DB7617C9D0F30028439A /* g5666@2x.png */; };
		4957DB7E17C9D6480028439A /* g5740.png in Resources */ = {isa = PBXBuildFile; fileRef = 4957DB7C17C9D6480028439A /* g5740.png */; };
		4957DB7F17C9D6480028439A /* g5740@2x.png in Resources */ = {isa = PBXBuildFile; fileRef = 4957DB7D17C9D6480028439A /* g5740@2x.png */; };
		4957DB8217C9DB2D0028439A /* g5811.png in Resources */ = {isa = PBXBuildFile; fileRef = 4957DB8017C9DB2D0028439A /* g5811.png */; };
		4957DB8317C9DB2D0028439A /* g5811@2x.png in Resources */ = {isa = PBXBuildFile; fileRef = 4957DB8117C9DB2D0028439A /* g5811@2x.png */; };
		497FC30017C89A9C005A84EF /* User.m in Sources */ = {isa = PBXBuildFile; fileRef = 497FC2FF17C89A9C005A84EF /* User.m */; };
		498CC93B17C5CF1F00B3F110 /* CustomCell.m in Sources */ = {isa = PBXBuildFile; fileRef = 498CC93A17C5CF1F00B3F110 /* CustomCell.m */; };
		498CC94117C6EB6900B3F110 /* TimeLineViewController.m in Sources */ = {isa = PBXBuildFile; fileRef = 498CC94017C6EB6900B3F110 /* TimeLineViewController.m */; };
		498CC94A17C6EC9C00B3F110 /* p1.jpg in Resources */ = {isa = PBXBuildFile; fileRef = 498CC94217C6EC9700B3F110 /* p1.jpg */; };
		498CC94B17C6EC9C00B3F110 /* p2.jpg in Resources */ = {isa = PBXBuildFile; fileRef = 498CC94317C6EC9700B3F110 /* p2.jpg */; };
		498CC94C17C6EC9C00B3F110 /* p3.jpg in Resources */ = {isa = PBXBuildFile; fileRef = 498CC94417C6EC9700B3F110 /* p3.jpg */; };
		498CC94D17C6EC9C00B3F110 /* p4.jpg in Resources */ = {isa = PBXBuildFile; fileRef = 498CC94517C6EC9800B3F110 /* p4.jpg */; };
		498CC94E17C6EC9C00B3F110 /* p5.jpg in Resources */ = {isa = PBXBuildFile; fileRef = 498CC94617C6EC9800B3F110 /* p5.jpg */; };
		498CC94F17C6EC9C00B3F110 /* p6.jpg in Resources */ = {isa = PBXBuildFile; fileRef = 498CC94717C6EC9900B3F110 /* p6.jpg */; };
		498CC95017C6EC9C00B3F110 /* p7.jpg in Resources */ = {isa = PBXBuildFile; fileRef = 498CC94817C6EC9A00B3F110 /* p7.jpg */; };
		498CC95117C6EC9C00B3F110 /* p8.jpg in Resources */ = {isa = PBXBuildFile; fileRef = 498CC94917C6EC9A00B3F110 /* p8.jpg */; };
		A3A1A9AA17C1E648006FB40B /* SettingViewController.m in Sources */ = {isa = PBXBuildFile; fileRef = A3A1A9A917C1E648006FB40B /* SettingViewController.m */; };
		A3A1A9B217C26196006FB40B /* CoreImage.framework in Frameworks */ = {isa = PBXBuildFile; fileRef = A3A1A9B117C26196006FB40B /* CoreImage.framework */; settings = {ATTRIBUTES = (Weak, ); }; };
		A3A1AB6117C4CACD006FB40B /* FirstViewController.m in Sources */ = {isa = PBXBuildFile; fileRef = A3A1AB6017C4CACD006FB40B /* FirstViewController.m */; };
		A3A1AB6317C4D3E4006FB40B /* MobileCoreServices.framework in Frameworks */ = {isa = PBXBuildFile; fileRef = A3A1AB6217C4D3E4006FB40B /* MobileCoreServices.framework */; settings = {ATTRIBUTES = (Weak, ); }; };
		A3A1AB6617C4F3F0006FB40B /* CameraViewController.m in Sources */ = {isa = PBXBuildFile; fileRef = A3A1AB6517C4F3F0006FB40B /* CameraViewController.m */; };
		A3A1AB6717C59A55006FB40B /* Accelerate.framework in Frameworks */ = {isa = PBXBuildFile; fileRef = A3A1A9AF17C2617E006FB40B /* Accelerate.framework */; settings = {ATTRIBUTES = (Weak, ); }; };
		A3A1AB6817C59A74006FB40B /* AssetsLibrary.framework in Frameworks */ = {isa = PBXBuildFile; fileRef = A3AB9E9D17C0FD01005BA310 /* AssetsLibrary.framework */; settings = {ATTRIBUTES = (Weak, ); }; };
		A3A1AB6917C59AEB006FB40B /* QuartzCore.framework in Frameworks */ = {isa = PBXBuildFile; fileRef = A3A1A9B317C261B1006FB40B /* QuartzCore.framework */; settings = {ATTRIBUTES = (Weak, ); }; };
		A3A1AD0E17CC63D1006FB40B /* photo-0.png in Resources */ = {isa = PBXBuildFile; fileRef = A3A1AD0817CC63D1006FB40B /* photo-0.png */; };
		A3A1AD0F17CC63D1006FB40B /* photo-1.png in Resources */ = {isa = PBXBuildFile; fileRef = A3A1AD0917CC63D1006FB40B /* photo-1.png */; };
		A3A1AD1017CC63D1006FB40B /* photo-2.png in Resources */ = {isa = PBXBuildFile; fileRef = A3A1AD0A17CC63D1006FB40B /* photo-2.png */; };
		A3A1AD1117CC63D1006FB40B /* photo-3.png in Resources */ = {isa = PBXBuildFile; fileRef = A3A1AD0B17CC63D1006FB40B /* photo-3.png */; };
		A3A1AD1217CC63D1006FB40B /* photo-4.png in Resources */ = {isa = PBXBuildFile; fileRef = A3A1AD0C17CC63D1006FB40B /* photo-4.png */; };
		A3A1AD1317CC63D1006FB40B /* photo-5.png in Resources */ = {isa = PBXBuildFile; fileRef = A3A1AD0D17CC63D1006FB40B /* photo-5.png */; };
		A3A1AD1917CC66BC006FB40B /* AllSlideViewController.m in Sources */ = {isa = PBXBuildFile; fileRef = A3A1AD1817CC66BC006FB40B /* AllSlideViewController.m */; };
		A3AB9E4B17BE29C6005BA310 /* UIKit.framework in Frameworks */ = {isa = PBXBuildFile; fileRef = A3AB9E4A17BE29C6005BA310 /* UIKit.framework */; };
		A3AB9E4D17BE29C6005BA310 /* Foundation.framework in Frameworks */ = {isa = PBXBuildFile; fileRef = A3AB9E4C17BE29C6005BA310 /* Foundation.framework */; settings = {ATTRIBUTES = (Weak, ); }; };
		A3AB9E4F17BE29C6005BA310 /* CoreGraphics.framework in Frameworks */ = {isa = PBXBuildFile; fileRef = A3AB9E4E17BE29C6005BA310 /* CoreGraphics.framework */; settings = {ATTRIBUTES = (Weak, ); }; };
		A3AB9E5517BE29C6005BA310 /* InfoPlist.strings in Resources */ = {isa = PBXBuildFile; fileRef = A3AB9E5317BE29C6005BA310 /* InfoPlist.strings */; };
		A3AB9E5717BE29C6005BA310 /* main.m in Sources */ = {isa = PBXBuildFile; fileRef = A3AB9E5617BE29C6005BA310 /* main.m */; };
		A3AB9E5B17BE29C6005BA310 /* AppDelegate.mm in Sources */ = {isa = PBXBuildFile; fileRef = A3AB9E5A17BE29C6005BA310 /* AppDelegate.mm */; };
		A3AB9E5D17BE29C6005BA310 /* Default.png in Resources */ = {isa = PBXBuildFile; fileRef = A3AB9E5C17BE29C6005BA310 /* Default.png */; };
		A3AB9E5F17BE29C6005BA310 /* Default@2x.png in Resources */ = {isa = PBXBuildFile; fileRef = A3AB9E5E17BE29C6005BA310 /* Default@2x.png */; };
		A3AB9E6117BE29C6005BA310 /* Default-568h@2x.png in Resources */ = {isa = PBXBuildFile; fileRef = A3AB9E6017BE29C6005BA310 /* Default-568h@2x.png */; };
		A3AB9E6417BE29C6005BA310 /* MainStoryboard.storyboard in Resources */ = {isa = PBXBuildFile; fileRef = A3AB9E6217BE29C6005BA310 /* MainStoryboard.storyboard */; };
		A3AB9E6717BE29C6005BA310 /* MasterViewController.m in Sources */ = {isa = PBXBuildFile; fileRef = A3AB9E6617BE29C6005BA310 /* MasterViewController.m */; };
		A3AB9E6A17BE29C6005BA310 /* DetailViewController.m in Sources */ = {isa = PBXBuildFile; fileRef = A3AB9E6917BE29C6005BA310 /* DetailViewController.m */; };
		A3AB9E7817BE33A3005BA310 /* Item.m in Sources */ = {isa = PBXBuildFile; fileRef = A3AB9E7717BE33A3005BA310 /* Item.m */; };
		A3AB9E9817C0B394005BA310 /* AVFoundation.framework in Frameworks */ = {isa = PBXBuildFile; fileRef = A3AB9E9717C0B394005BA310 /* AVFoundation.framework */; settings = {ATTRIBUTES = (Weak, ); }; };
		A3AB9E9A17C0D1F9005BA310 /* CoreMedia.framework in Frameworks */ = {isa = PBXBuildFile; fileRef = A3AB9E9917C0D1F9005BA310 /* CoreMedia.framework */; settings = {ATTRIBUTES = (Weak, ); }; };
		A3AB9EA017C0FD0B005BA310 /* ImageIO.framework in Frameworks */ = {isa = PBXBuildFile; fileRef = A3AB9E9F17C0FD0B005BA310 /* ImageIO.framework */; settings = {ATTRIBUTES = (Weak, ); }; };
		A3AB9EA217C0FD2D005BA310 /* CoreVideo.framework in Frameworks */ = {isa = PBXBuildFile; fileRef = A3AB9EA117C0FD2D005BA310 /* CoreVideo.framework */; settings = {ATTRIBUTES = (Weak, ); }; };
/* End PBXBuildFile section */

/* Begin PBXFileReference section */
		491CC83C17CAE2CE00A4474D /* EditViewController.h */ = {isa = PBXFileReference; fileEncoding = 4; lastKnownFileType = sourcecode.c.h; path = EditViewController.h; sourceTree = "<group>"; };
		491CC83D17CAE2CE00A4474D /* EditViewController.m */ = {isa = PBXFileReference; fileEncoding = 4; lastKnownFileType = sourcecode.c.objc; path = EditViewController.m; sourceTree = "<group>"; };
		4957DB6117C98E000028439A /* defines.h */ = {isa = PBXFileReference; lastKnownFileType = sourcecode.c.h; path = defines.h; sourceTree = "<group>"; };
		4957DB6717C9C0580028439A /* example.png */ = {isa = PBXFileReference; lastKnownFileType = image.png; path = example.png; sourceTree = "<group>"; };
		4957DB6917C9C0680028439A /* example.png */ = {isa = PBXFileReference; lastKnownFileType = image.png; name = example.png; path = ../example.png; sourceTree = "<group>"; };
		4957DB6D17C9C0C80028439A /* example2.png */ = {isa = PBXFileReference; lastKnownFileType = image.png; name = example2.png; path = ../example2.png; sourceTree = "<group>"; };
		4957DB7417C9D0220028439A /* g5666.png */ = {isa = PBXFileReference; lastKnownFileType = image.png; path = g5666.png; sourceTree = "<group>"; };
		4957DB7617C9D0F30028439A /* g5666@2x.png */ = {isa = PBXFileReference; lastKnownFileType = image.png; path = "g5666@2x.png"; sourceTree = "<group>"; };
		4957DB7C17C9D6480028439A /* g5740.png */ = {isa = PBXFileReference; lastKnownFileType = image.png; path = g5740.png; sourceTree = "<group>"; };
		4957DB7D17C9D6480028439A /* g5740@2x.png */ = {isa = PBXFileReference; lastKnownFileType = image.png; path = "g5740@2x.png"; sourceTree = "<group>"; };
		4957DB8017C9DB2D0028439A /* g5811.png */ = {isa = PBXFileReference; lastKnownFileType = image.png; path = g5811.png; sourceTree = "<group>"; };
		4957DB8117C9DB2D0028439A /* g5811@2x.png */ = {isa = PBXFileReference; lastKnownFileType = image.png; path = "g5811@2x.png"; sourceTree = "<group>"; };
		497FC2FE17C89A9C005A84EF /* User.h */ = {isa = PBXFileReference; fileEncoding = 4; lastKnownFileType = sourcecode.c.h; path = User.h; sourceTree = "<group>"; };
		497FC2FF17C89A9C005A84EF /* User.m */ = {isa = PBXFileReference; fileEncoding = 4; lastKnownFileType = sourcecode.c.objc; path = User.m; sourceTree = "<group>"; };
		498CC93917C5CF1F00B3F110 /* CustomCell.h */ = {isa = PBXFileReference; fileEncoding = 4; lastKnownFileType = sourcecode.c.h; path = CustomCell.h; sourceTree = "<group>"; };
		498CC93A17C5CF1F00B3F110 /* CustomCell.m */ = {isa = PBXFileReference; fileEncoding = 4; lastKnownFileType = sourcecode.c.objc; path = CustomCell.m; sourceTree = "<group>"; };
		498CC93F17C6EB6900B3F110 /* TimeLineViewController.h */ = {isa = PBXFileReference; fileEncoding = 4; lastKnownFileType = sourcecode.c.h; name = TimeLineViewController.h; path = ../TimeLineViewController.h; sourceTree = "<group>"; };
		498CC94017C6EB6900B3F110 /* TimeLineViewController.m */ = {isa = PBXFileReference; fileEncoding = 4; lastKnownFileType = sourcecode.c.objc; name = TimeLineViewController.m; path = ../TimeLineViewController.m; sourceTree = "<group>"; };
		498CC94217C6EC9700B3F110 /* p1.jpg */ = {isa = PBXFileReference; lastKnownFileType = image.jpeg; path = p1.jpg; sourceTree = "<group>"; };
		498CC94317C6EC9700B3F110 /* p2.jpg */ = {isa = PBXFileReference; lastKnownFileType = image.jpeg; path = p2.jpg; sourceTree = "<group>"; };
		498CC94417C6EC9700B3F110 /* p3.jpg */ = {isa = PBXFileReference; lastKnownFileType = image.jpeg; path = p3.jpg; sourceTree = "<group>"; };
		498CC94517C6EC9800B3F110 /* p4.jpg */ = {isa = PBXFileReference; lastKnownFileType = image.jpeg; path = p4.jpg; sourceTree = "<group>"; };
		498CC94617C6EC9800B3F110 /* p5.jpg */ = {isa = PBXFileReference; lastKnownFileType = image.jpeg; path = p5.jpg; sourceTree = "<group>"; };
		498CC94717C6EC9900B3F110 /* p6.jpg */ = {isa = PBXFileReference; lastKnownFileType = image.jpeg; path = p6.jpg; sourceTree = "<group>"; };
		498CC94817C6EC9A00B3F110 /* p7.jpg */ = {isa = PBXFileReference; lastKnownFileType = image.jpeg; path = p7.jpg; sourceTree = "<group>"; };
		498CC94917C6EC9A00B3F110 /* p8.jpg */ = {isa = PBXFileReference; lastKnownFileType = image.jpeg; path = p8.jpg; sourceTree = "<group>"; };
		A3A1A9A817C1E647006FB40B /* SettingViewController.h */ = {isa = PBXFileReference; fileEncoding = 4; lastKnownFileType = sourcecode.c.h; path = SettingViewController.h; sourceTree = "<group>"; };
		A3A1A9A917C1E648006FB40B /* SettingViewController.m */ = {isa = PBXFileReference; fileEncoding = 4; lastKnownFileType = sourcecode.c.objc; path = SettingViewController.m; sourceTree = "<group>"; };
		A3A1A9AB17C1E8B8006FB40B /* ja */ = {isa = PBXFileReference; lastKnownFileType = file.storyboard; name = ja; path = ja.lproj/MainStoryboard.storyboard; sourceTree = "<group>"; };
		A3A1A9AC17C1E8B8006FB40B /* ja */ = {isa = PBXFileReference; lastKnownFileType = text.plist.strings; name = ja; path = ja.lproj/InfoPlist.strings; sourceTree = "<group>"; };
		A3A1A9AF17C2617E006FB40B /* Accelerate.framework */ = {isa = PBXFileReference; lastKnownFileType = wrapper.framework; name = Accelerate.framework; path = System/Library/Frameworks/Accelerate.framework; sourceTree = SDKROOT; };
		A3A1A9B117C26196006FB40B /* CoreImage.framework */ = {isa = PBXFileReference; lastKnownFileType = wrapper.framework; name = CoreImage.framework; path = System/Library/Frameworks/CoreImage.framework; sourceTree = SDKROOT; };
		A3A1A9B317C261B1006FB40B /* QuartzCore.framework */ = {isa = PBXFileReference; lastKnownFileType = wrapper.framework; name = QuartzCore.framework; path = System/Library/Frameworks/QuartzCore.framework; sourceTree = SDKROOT; };
		A3A1AB5F17C4CACD006FB40B /* FirstViewController.h */ = {isa = PBXFileReference; fileEncoding = 4; lastKnownFileType = sourcecode.c.h; name = FirstViewController.h; path = ../FirstViewController.h; sourceTree = "<group>"; };
		A3A1AB6017C4CACD006FB40B /* FirstViewController.m */ = {isa = PBXFileReference; fileEncoding = 4; lastKnownFileType = sourcecode.c.objc; name = FirstViewController.m; path = ../FirstViewController.m; sourceTree = "<group>"; };
		A3A1AB6217C4D3E4006FB40B /* MobileCoreServices.framework */ = {isa = PBXFileReference; lastKnownFileType = wrapper.framework; name = MobileCoreServices.framework; path = System/Library/Frameworks/MobileCoreServices.framework; sourceTree = SDKROOT; };
		A3A1AB6417C4F3F0006FB40B /* CameraViewController.h */ = {isa = PBXFileReference; fileEncoding = 4; lastKnownFileType = sourcecode.c.h; path = CameraViewController.h; sourceTree = "<group>"; };
		A3A1AB6517C4F3F0006FB40B /* CameraViewController.m */ = {isa = PBXFileReference; fileEncoding = 4; lastKnownFileType = sourcecode.c.objc; path = CameraViewController.m; sourceTree = "<group>"; };
		A3A1AD0817CC63D1006FB40B /* photo-0.png */ = {isa = PBXFileReference; lastKnownFileType = image.png; path = "photo-0.png"; sourceTree = "<group>"; };
		A3A1AD0917CC63D1006FB40B /* photo-1.png */ = {isa = PBXFileReference; lastKnownFileType = image.png; path = "photo-1.png"; sourceTree = "<group>"; };
		A3A1AD0A17CC63D1006FB40B /* photo-2.png */ = {isa = PBXFileReference; lastKnownFileType = image.png; path = "photo-2.png"; sourceTree = "<group>"; };
		A3A1AD0B17CC63D1006FB40B /* photo-3.png */ = {isa = PBXFileReference; lastKnownFileType = image.png; path = "photo-3.png"; sourceTree = "<group>"; };
		A3A1AD0C17CC63D1006FB40B /* photo-4.png */ = {isa = PBXFileReference; lastKnownFileType = image.png; path = "photo-4.png"; sourceTree = "<group>"; };
		A3A1AD0D17CC63D1006FB40B /* photo-5.png */ = {isa = PBXFileReference; lastKnownFileType = image.png; path = "photo-5.png"; sourceTree = "<group>"; };
		A3A1AD1717CC66BC006FB40B /* AllSlideViewController.h */ = {isa = PBXFileReference; fileEncoding = 4; lastKnownFileType = sourcecode.c.h; path = AllSlideViewController.h; sourceTree = "<group>"; };
		A3A1AD1817CC66BC006FB40B /* AllSlideViewController.m */ = {isa = PBXFileReference; fileEncoding = 4; lastKnownFileType = sourcecode.c.objc; path = AllSlideViewController.m; sourceTree = "<group>"; };
		A3AB9E4717BE29C6005BA310 /* はじめてきねんび.app */ = {isa = PBXFileReference; explicitFileType = wrapper.application; includeInIndex = 0; path = "はじめてきねんび.app"; sourceTree = BUILT_PRODUCTS_DIR; };
		A3AB9E4A17BE29C6005BA310 /* UIKit.framework */ = {isa = PBXFileReference; lastKnownFileType = wrapper.framework; name = UIKit.framework; path = System/Library/Frameworks/UIKit.framework; sourceTree = SDKROOT; };
		A3AB9E4C17BE29C6005BA310 /* Foundation.framework */ = {isa = PBXFileReference; lastKnownFileType = wrapper.framework; name = Foundation.framework; path = System/Library/Frameworks/Foundation.framework; sourceTree = SDKROOT; };
		A3AB9E4E17BE29C6005BA310 /* CoreGraphics.framework */ = {isa = PBXFileReference; lastKnownFileType = wrapper.framework; name = CoreGraphics.framework; path = System/Library/Frameworks/CoreGraphics.framework; sourceTree = SDKROOT; };
		A3AB9E5217BE29C6005BA310 /* はじめてきねんび-Info.plist */ = {isa = PBXFileReference; lastKnownFileType = text.plist.xml; path = "はじめてきねんび-Info.plist"; sourceTree = "<group>"; };
		A3AB9E5617BE29C6005BA310 /* main.m */ = {isa = PBXFileReference; lastKnownFileType = sourcecode.c.objc; path = main.m; sourceTree = "<group>"; };
		A3AB9E5817BE29C6005BA310 /* はじめてきねんび-Prefix.pch */ = {isa = PBXFileReference; lastKnownFileType = sourcecode.c.h; path = "はじめてきねんび-Prefix.pch"; sourceTree = "<group>"; };
		A3AB9E5917BE29C6005BA310 /* AppDelegate.h */ = {isa = PBXFileReference; lastKnownFileType = sourcecode.c.h; path = AppDelegate.h; sourceTree = "<group>"; };
		A3AB9E5A17BE29C6005BA310 /* AppDelegate.mm */ = {isa = PBXFileReference; lastKnownFileType = sourcecode.cpp.objcpp; path = AppDelegate.mm; sourceTree = "<group>"; };
		A3AB9E5C17BE29C6005BA310 /* Default.png */ = {isa = PBXFileReference; lastKnownFileType = image.png; path = Default.png; sourceTree = "<group>"; };
		A3AB9E5E17BE29C6005BA310 /* Default@2x.png */ = {isa = PBXFileReference; lastKnownFileType = image.png; path = "Default@2x.png"; sourceTree = "<group>"; };
		A3AB9E6017BE29C6005BA310 /* Default-568h@2x.png */ = {isa = PBXFileReference; lastKnownFileType = image.png; path = "Default-568h@2x.png"; sourceTree = "<group>"; };
		A3AB9E6517BE29C6005BA310 /* MasterViewController.h */ = {isa = PBXFileReference; lastKnownFileType = sourcecode.c.h; path = MasterViewController.h; sourceTree = "<group>"; };
		A3AB9E6617BE29C6005BA310 /* MasterViewController.m */ = {isa = PBXFileReference; lastKnownFileType = sourcecode.c.objc; path = MasterViewController.m; sourceTree = "<group>"; };
		A3AB9E6817BE29C6005BA310 /* DetailViewController.h */ = {isa = PBXFileReference; lastKnownFileType = sourcecode.c.h; path = DetailViewController.h; sourceTree = "<group>"; };
		A3AB9E6917BE29C6005BA310 /* DetailViewController.m */ = {isa = PBXFileReference; lastKnownFileType = sourcecode.c.objc; path = DetailViewController.m; sourceTree = "<group>"; };
		A3AB9E7617BE33A3005BA310 /* Item.h */ = {isa = PBXFileReference; fileEncoding = 4; lastKnownFileType = sourcecode.c.h; path = Item.h; sourceTree = "<group>"; };
		A3AB9E7717BE33A3005BA310 /* Item.m */ = {isa = PBXFileReference; fileEncoding = 4; lastKnownFileType = sourcecode.c.objc; path = Item.m; sourceTree = "<group>"; };
		A3AB9E9717C0B394005BA310 /* AVFoundation.framework */ = {isa = PBXFileReference; lastKnownFileType = wrapper.framework; name = AVFoundation.framework; path = System/Library/Frameworks/AVFoundation.framework; sourceTree = SDKROOT; };
		A3AB9E9917C0D1F9005BA310 /* CoreMedia.framework */ = {isa = PBXFileReference; lastKnownFileType = wrapper.framework; name = CoreMedia.framework; path = System/Library/Frameworks/CoreMedia.framework; sourceTree = SDKROOT; };
		A3AB9E9D17C0FD01005BA310 /* AssetsLibrary.framework */ = {isa = PBXFileReference; lastKnownFileType = wrapper.framework; name = AssetsLibrary.framework; path = System/Library/Frameworks/AssetsLibrary.framework; sourceTree = SDKROOT; };
		A3AB9E9F17C0FD0B005BA310 /* ImageIO.framework */ = {isa = PBXFileReference; lastKnownFileType = wrapper.framework; name = ImageIO.framework; path = System/Library/Frameworks/ImageIO.framework; sourceTree = SDKROOT; };
		A3AB9EA117C0FD2D005BA310 /* CoreVideo.framework */ = {isa = PBXFileReference; lastKnownFileType = wrapper.framework; name = CoreVideo.framework; path = System/Library/Frameworks/CoreVideo.framework; sourceTree = SDKROOT; };
/* End PBXFileReference section */

/* Begin PBXFrameworksBuildPhase section */
		A3AB9E4417BE29C6005BA310 /* Frameworks */ = {
			isa = PBXFrameworksBuildPhase;
			buildActionMask = 2147483647;
			files = (
				A3A1AB6917C59AEB006FB40B /* QuartzCore.framework in Frameworks */,
				A3A1AB6817C59A74006FB40B /* AssetsLibrary.framework in Frameworks */,
				A3A1AB6717C59A55006FB40B /* Accelerate.framework in Frameworks */,
				A3A1AB6317C4D3E4006FB40B /* MobileCoreServices.framework in Frameworks */,
				A3A1A9B217C26196006FB40B /* CoreImage.framework in Frameworks */,
				A3AB9EA217C0FD2D005BA310 /* CoreVideo.framework in Frameworks */,
				A3AB9EA017C0FD0B005BA310 /* ImageIO.framework in Frameworks */,
				A3AB9E9A17C0D1F9005BA310 /* CoreMedia.framework in Frameworks */,
				A3AB9E4B17BE29C6005BA310 /* UIKit.framework in Frameworks */,
				A3AB9E9817C0B394005BA310 /* AVFoundation.framework in Frameworks */,
				A3AB9E4D17BE29C6005BA310 /* Foundation.framework in Frameworks */,
				A3AB9E4F17BE29C6005BA310 /* CoreGraphics.framework in Frameworks */,
			);
			runOnlyForDeploymentPostprocessing = 0;
		};
/* End PBXFrameworksBuildPhase section */

/* Begin PBXGroup section */
		4957DB6F17C9C56A0028439A /* images */ = {
			isa = PBXGroup;
			children = (
				A3A1AD0817CC63D1006FB40B /* photo-0.png */,
				A3A1AD0917CC63D1006FB40B /* photo-1.png */,
				A3A1AD0A17CC63D1006FB40B /* photo-2.png */,
				A3A1AD0B17CC63D1006FB40B /* photo-3.png */,
				A3A1AD0C17CC63D1006FB40B /* photo-4.png */,
				A3A1AD0D17CC63D1006FB40B /* photo-5.png */,
				4957DB7C17C9D6480028439A /* g5740.png */,
				4957DB7D17C9D6480028439A /* g5740@2x.png */,
				4957DB8017C9DB2D0028439A /* g5811.png */,
				4957DB8117C9DB2D0028439A /* g5811@2x.png */,
				4957DB7617C9D0F30028439A /* g5666@2x.png */,
				4957DB7417C9D0220028439A /* g5666.png */,
				4957DB6717C9C0580028439A /* example.png */,
				4957DB6917C9C0680028439A /* example.png */,
				4957DB6D17C9C0C80028439A /* example2.png */,
				498CC94217C6EC9700B3F110 /* p1.jpg */,
				498CC94317C6EC9700B3F110 /* p2.jpg */,
				498CC94417C6EC9700B3F110 /* p3.jpg */,
				498CC94517C6EC9800B3F110 /* p4.jpg */,
				498CC94617C6EC9800B3F110 /* p5.jpg */,
				498CC94717C6EC9900B3F110 /* p6.jpg */,
				498CC94817C6EC9A00B3F110 /* p7.jpg */,
				498CC94917C6EC9A00B3F110 /* p8.jpg */,
			);
			name = images;
			sourceTree = "<group>";
		};
		A3AB9E3E17BE29C6005BA310 = {
			isa = PBXGroup;
			children = (
				A3AB9E5017BE29C6005BA310 /* はじめてきねんび */,
				A3AB9E4917BE29C6005BA310 /* Frameworks */,
				A3AB9E4817BE29C6005BA310 /* Products */,
			);
			sourceTree = "<group>";
		};
		A3AB9E4817BE29C6005BA310 /* Products */ = {
			isa = PBXGroup;
			children = (
				A3AB9E4717BE29C6005BA310 /* はじめてきねんび.app */,
			);
			name = Products;
			sourceTree = "<group>";
		};
		A3AB9E4917BE29C6005BA310 /* Frameworks */ = {
			isa = PBXGroup;
			children = (
				A3A1AB6217C4D3E4006FB40B /* MobileCoreServices.framework */,
				A3A1A9B317C261B1006FB40B /* QuartzCore.framework */,
				A3A1A9B117C26196006FB40B /* CoreImage.framework */,
				A3A1A9AF17C2617E006FB40B /* Accelerate.framework */,
				A3AB9EA117C0FD2D005BA310 /* CoreVideo.framework */,
				A3AB9E9F17C0FD0B005BA310 /* ImageIO.framework */,
				A3AB9E9D17C0FD01005BA310 /* AssetsLibrary.framework */,
				A3AB9E9917C0D1F9005BA310 /* CoreMedia.framework */,
				A3AB9E9717C0B394005BA310 /* AVFoundation.framework */,
				A3AB9E4A17BE29C6005BA310 /* UIKit.framework */,
				A3AB9E4C17BE29C6005BA310 /* Foundation.framework */,
				A3AB9E4E17BE29C6005BA310 /* CoreGraphics.framework */,
			);
			name = Frameworks;
			sourceTree = "<group>";
		};
		A3AB9E5017BE29C6005BA310 /* はじめてきねんび */ = {
			isa = PBXGroup;
			children = (
				A3AB9E6217BE29C6005BA310 /* MainStoryboard.storyboard */,
				4957DB6F17C9C56A0028439A /* images */,
				4957DB6117C98E000028439A /* defines.h */,
				498CC93917C5CF1F00B3F110 /* CustomCell.h */,
				498CC93A17C5CF1F00B3F110 /* CustomCell.m */,
				498CC93F17C6EB6900B3F110 /* TimeLineViewController.h */,
				498CC94017C6EB6900B3F110 /* TimeLineViewController.m */,
				A3A1AB6417C4F3F0006FB40B /* CameraViewController.h */,
				A3A1AB6517C4F3F0006FB40B /* CameraViewController.m */,
				A3AB9E5917BE29C6005BA310 /* AppDelegate.h */,
				A3AB9E5A17BE29C6005BA310 /* AppDelegate.mm */,
				A3A1AB5F17C4CACD006FB40B /* FirstViewController.h */,
				A3A1AB6017C4CACD006FB40B /* FirstViewController.m */,
				A3AB9E7617BE33A3005BA310 /* Item.h */,
				A3AB9E7717BE33A3005BA310 /* Item.m */,
				491CC83C17CAE2CE00A4474D /* EditViewController.h */,
				491CC83D17CAE2CE00A4474D /* EditViewController.m */,
				A3AB9E6517BE29C6005BA310 /* MasterViewController.h */,
				A3AB9E6617BE29C6005BA310 /* MasterViewController.m */,
				A3AB9E6817BE29C6005BA310 /* DetailViewController.h */,
				A3AB9E6917BE29C6005BA310 /* DetailViewController.m */,
				A3A1A9A817C1E647006FB40B /* SettingViewController.h */,
				A3A1A9A917C1E648006FB40B /* SettingViewController.m */,
				497FC2FE17C89A9C005A84EF /* User.h */,
				497FC2FF17C89A9C005A84EF /* User.m */,
				A3A1AD1717CC66BC006FB40B /* AllSlideViewController.h */,
				A3A1AD1817CC66BC006FB40B /* AllSlideViewController.m */,
				A3AB9E5117BE29C6005BA310 /* Supporting Files */,
			);
			path = "はじめてきねんび";
			sourceTree = "<group>";
		};
		A3AB9E5117BE29C6005BA310 /* Supporting Files */ = {
			isa = PBXGroup;
			children = (
				A3AB9E5217BE29C6005BA310 /* はじめてきねんび-Info.plist */,
				A3AB9E5317BE29C6005BA310 /* InfoPlist.strings */,
				A3AB9E5617BE29C6005BA310 /* main.m */,
				A3AB9E5817BE29C6005BA310 /* はじめてきねんび-Prefix.pch */,
				A3AB9E5C17BE29C6005BA310 /* Default.png */,
				A3AB9E5E17BE29C6005BA310 /* Default@2x.png */,
				A3AB9E6017BE29C6005BA310 /* Default-568h@2x.png */,
			);
			name = "Supporting Files";
			sourceTree = "<group>";
		};
/* End PBXGroup section */

/* Begin PBXNativeTarget section */
		A3AB9E4617BE29C6005BA310 /* はじめてきねんび */ = {
			isa = PBXNativeTarget;
			buildConfigurationList = A3AB9E6D17BE29C6005BA310 /* Build configuration list for PBXNativeTarget "はじめてきねんび" */;
			buildPhases = (
				A3AB9E4317BE29C6005BA310 /* Sources */,
				A3AB9E4417BE29C6005BA310 /* Frameworks */,
				A3AB9E4517BE29C6005BA310 /* Resources */,
			);
			buildRules = (
			);
			dependencies = (
			);
			name = "はじめてきねんび";
			productName = "はじめてきねんび";
			productReference = A3AB9E4717BE29C6005BA310 /* はじめてきねんび.app */;
			productType = "com.apple.product-type.application";
		};
/* End PBXNativeTarget section */

/* Begin PBXProject section */
		A3AB9E3F17BE29C6005BA310 /* Project object */ = {
			isa = PBXProject;
			attributes = {
				LastUpgradeCheck = 0460;
				ORGANIZATIONNAME = "Ueda Junya";
			};
			buildConfigurationList = A3AB9E4217BE29C6005BA310 /* Build configuration list for PBXProject "はじめてきねんび" */;
			compatibilityVersion = "Xcode 3.2";
			developmentRegion = English;
			hasScannedForEncodings = 0;
			knownRegions = (
				en,
				ja,
			);
			mainGroup = A3AB9E3E17BE29C6005BA310;
			productRefGroup = A3AB9E4817BE29C6005BA310 /* Products */;
			projectDirPath = "";
			projectRoot = "";
			targets = (
				A3AB9E4617BE29C6005BA310 /* はじめてきねんび */,
			);
		};
/* End PBXProject section */

/* Begin PBXResourcesBuildPhase section */
		A3AB9E4517BE29C6005BA310 /* Resources */ = {
			isa = PBXResourcesBuildPhase;
			buildActionMask = 2147483647;
			files = (
				A3AB9E5517BE29C6005BA310 /* InfoPlist.strings in Resources */,
				A3AB9E5D17BE29C6005BA310 /* Default.png in Resources */,
				A3AB9E5F17BE29C6005BA310 /* Default@2x.png in Resources */,
				A3AB9E6117BE29C6005BA310 /* Default-568h@2x.png in Resources */,
				A3AB9E6417BE29C6005BA310 /* MainStoryboard.storyboard in Resources */,
				498CC94A17C6EC9C00B3F110 /* p1.jpg in Resources */,
				498CC94B17C6EC9C00B3F110 /* p2.jpg in Resources */,
				498CC94C17C6EC9C00B3F110 /* p3.jpg in Resources */,
				498CC94D17C6EC9C00B3F110 /* p4.jpg in Resources */,
				498CC94E17C6EC9C00B3F110 /* p5.jpg in Resources */,
				498CC94F17C6EC9C00B3F110 /* p6.jpg in Resources */,
				498CC95017C6EC9C00B3F110 /* p7.jpg in Resources */,
				498CC95117C6EC9C00B3F110 /* p8.jpg in Resources */,
				4957DB6817C9C0580028439A /* example.png in Resources */,
				4957DB6A17C9C0680028439A /* example.png in Resources */,
				4957DB6E17C9C0C80028439A /* example2.png in Resources */,
				4957DB7517C9D0220028439A /* g5666.png in Resources */,
				4957DB7717C9D0F30028439A /* g5666@2x.png in Resources */,
				4957DB7E17C9D6480028439A /* g5740.png in Resources */,
				4957DB7F17C9D6480028439A /* g5740@2x.png in Resources */,
				4957DB8217C9DB2D0028439A /* g5811.png in Resources */,
				4957DB8317C9DB2D0028439A /* g5811@2x.png in Resources */,
				A3A1AD0E17CC63D1006FB40B /* photo-0.png in Resources */,
				A3A1AD0F17CC63D1006FB40B /* photo-1.png in Resources */,
				A3A1AD1017CC63D1006FB40B /* photo-2.png in Resources */,
				A3A1AD1117CC63D1006FB40B /* photo-3.png in Resources */,
				A3A1AD1217CC63D1006FB40B /* photo-4.png in Resources */,
				A3A1AD1317CC63D1006FB40B /* photo-5.png in Resources */,
			);
			runOnlyForDeploymentPostprocessing = 0;
		};
/* End PBXResourcesBuildPhase section */

/* Begin PBXSourcesBuildPhase section */
		A3AB9E4317BE29C6005BA310 /* Sources */ = {
			isa = PBXSourcesBuildPhase;
			buildActionMask = 2147483647;
			files = (
				A3AB9E5717BE29C6005BA310 /* main.m in Sources */,
				A3AB9E5B17BE29C6005BA310 /* AppDelegate.mm in Sources */,
				A3AB9E6717BE29C6005BA310 /* MasterViewController.m in Sources */,
				A3AB9E6A17BE29C6005BA310 /* DetailViewController.m in Sources */,
				A3AB9E7817BE33A3005BA310 /* Item.m in Sources */,
				A3A1A9AA17C1E648006FB40B /* SettingViewController.m in Sources */,
				A3A1AB6117C4CACD006FB40B /* FirstViewController.m in Sources */,
				A3A1AB6617C4F3F0006FB40B /* CameraViewController.m in Sources */,
				498CC93B17C5CF1F00B3F110 /* CustomCell.m in Sources */,
				498CC94117C6EB6900B3F110 /* TimeLineViewController.m in Sources */,
				497FC30017C89A9C005A84EF /* User.m in Sources */,
				491CC83E17CAE2CE00A4474D /* EditViewController.m in Sources */,
				A3A1AD1917CC66BC006FB40B /* AllSlideViewController.m in Sources */,
			);
			runOnlyForDeploymentPostprocessing = 0;
		};
/* End PBXSourcesBuildPhase section */

/* Begin PBXVariantGroup section */
		A3AB9E5317BE29C6005BA310 /* InfoPlist.strings */ = {
			isa = PBXVariantGroup;
			children = (
				A3A1A9AC17C1E8B8006FB40B /* ja */,
			);
			name = InfoPlist.strings;
			sourceTree = "<group>";
		};
		A3AB9E6217BE29C6005BA310 /* MainStoryboard.storyboard */ = {
			isa = PBXVariantGroup;
			children = (
				A3A1A9AB17C1E8B8006FB40B /* ja */,
			);
			name = MainStoryboard.storyboard;
			sourceTree = "<group>";
		};
/* End PBXVariantGroup section */

/* Begin XCBuildConfiguration section */
		A3AB9E6B17BE29C6005BA310 /* Debug */ = {
			isa = XCBuildConfiguration;
			buildSettings = {
				ALWAYS_SEARCH_USER_PATHS = NO;
				CLANG_CXX_LANGUAGE_STANDARD = "gnu++0x";
				CLANG_CXX_LIBRARY = "libc++";
				CLANG_ENABLE_OBJC_ARC = YES;
				CLANG_WARN_CONSTANT_CONVERSION = YES;
				CLANG_WARN_EMPTY_BODY = YES;
				CLANG_WARN_ENUM_CONVERSION = YES;
				CLANG_WARN_INT_CONVERSION = YES;
				CLANG_WARN__DUPLICATE_METHOD_MATCH = YES;
				CODE_SIGN_IDENTITY = "iPhone Developer: Hiroyuki Nakazumi (KBM4WH8VVM)";
				"CODE_SIGN_IDENTITY[sdk=iphoneos*]" = "iPhone Developer: Hiroyuki Nakazumi (KBM4WH8VVM)";
				COPY_PHASE_STRIP = NO;
				GCC_C_LANGUAGE_STANDARD = gnu99;
				GCC_DYNAMIC_NO_PIC = NO;
				GCC_OPTIMIZATION_LEVEL = 0;
				GCC_PREPROCESSOR_DEFINITIONS = (
					"DEBUG=1",
					"$(inherited)",
				);
				GCC_SYMBOLS_PRIVATE_EXTERN = NO;
				GCC_WARN_ABOUT_RETURN_TYPE = YES;
				GCC_WARN_UNINITIALIZED_AUTOS = YES;
				GCC_WARN_UNUSED_VARIABLE = YES;
				IPHONEOS_DEPLOYMENT_TARGET = 6.1;
				ONLY_ACTIVE_ARCH = YES;
				PROVISIONING_PROFILE = "311DE349-F0A8-4E32-A36C-846B2071306C";
				"PROVISIONING_PROFILE[sdk=iphoneos*]" = "311DE349-F0A8-4E32-A36C-846B2071306C";
				SDKROOT = iphoneos;
			};
			name = Debug;
		};
		A3AB9E6C17BE29C6005BA310 /* Release */ = {
			isa = XCBuildConfiguration;
			buildSettings = {
				ALWAYS_SEARCH_USER_PATHS = NO;
				CLANG_CXX_LANGUAGE_STANDARD = "gnu++0x";
				CLANG_CXX_LIBRARY = "libc++";
				CLANG_ENABLE_OBJC_ARC = YES;
				CLANG_WARN_CONSTANT_CONVERSION = YES;
				CLANG_WARN_EMPTY_BODY = YES;
				CLANG_WARN_ENUM_CONVERSION = YES;
				CLANG_WARN_INT_CONVERSION = YES;
				CLANG_WARN__DUPLICATE_METHOD_MATCH = YES;
				CODE_SIGN_IDENTITY = "iPhone Developer: Hiroyuki Nakazumi (KBM4WH8VVM)";
				"CODE_SIGN_IDENTITY[sdk=iphoneos*]" = "iPhone Developer: Hiroyuki Nakazumi (KBM4WH8VVM)";
				COPY_PHASE_STRIP = YES;
				GCC_C_LANGUAGE_STANDARD = gnu99;
				GCC_WARN_ABOUT_RETURN_TYPE = YES;
				GCC_WARN_UNINITIALIZED_AUTOS = YES;
				GCC_WARN_UNUSED_VARIABLE = YES;
				IPHONEOS_DEPLOYMENT_TARGET = 6.1;
				OTHER_CFLAGS = "-DNS_BLOCK_ASSERTIONS=1";
				PROVISIONING_PROFILE = "311DE349-F0A8-4E32-A36C-846B2071306C";
				"PROVISIONING_PROFILE[sdk=iphoneos*]" = "311DE349-F0A8-4E32-A36C-846B2071306C";
				SDKROOT = iphoneos;
				VALIDATE_PRODUCT = YES;
			};
			name = Release;
		};
		A3AB9E6E17BE29C6005BA310 /* Debug */ = {
			isa = XCBuildConfiguration;
			buildSettings = {
				CLANG_CXX_LANGUAGE_STANDARD = "compiler-default";
				CLANG_CXX_LIBRARY = "compiler-default";
				FRAMEWORK_SEARCH_PATHS = (
					"$(inherited)",
					"\"$(SRCROOT)/はじめてきねんび\"",
				);
				GCC_C_LANGUAGE_STANDARD = gnu99;
				GCC_PRECOMPILE_PREFIX_HEADER = YES;
				GCC_PREFIX_HEADER = "はじめてきねんび/はじめてきねんび-Prefix.pch";
				INFOPLIST_FILE = "はじめてきねんび/はじめてきねんび-Info.plist";
				ONLY_ACTIVE_ARCH = NO;
				PRODUCT_NAME = "$(TARGET_NAME)";
				VALID_ARCHS = armv7;
				WRAPPER_EXTENSION = app;
			};
			name = Debug;
		};
		A3AB9E6F17BE29C6005BA310 /* Release */ = {
			isa = XCBuildConfiguration;
			buildSettings = {
				CLANG_CXX_LANGUAGE_STANDARD = "compiler-default";
				CLANG_CXX_LIBRARY = "compiler-default";
				FRAMEWORK_SEARCH_PATHS = (
					"$(inherited)",
					"\"$(SRCROOT)/はじめてきねんび\"",
				);
				GCC_C_LANGUAGE_STANDARD = gnu99;
				GCC_PRECOMPILE_PREFIX_HEADER = YES;
				GCC_PREFIX_HEADER = "はじめてきねんび/はじめてきねんび-Prefix.pch";
				INFOPLIST_FILE = "はじめてきねんび/はじめてきねんび-Info.plist";
				ONLY_ACTIVE_ARCH = NO;
				PRODUCT_NAME = "$(TARGET_NAME)";
				VALID_ARCHS = armv7;
				WRAPPER_EXTENSION = app;
			};
			name = Release;
		};
/* End XCBuildConfiguration section */

/* Begin XCConfigurationList section */
		A3AB9E4217BE29C6005BA310 /* Build configuration list for PBXProject "はじめてきねんび" */ = {
			isa = XCConfigurationList;
			buildConfigurations = (
				A3AB9E6B17BE29C6005BA310 /* Debug */,
				A3AB9E6C17BE29C6005BA310 /* Release */,
			);
			defaultConfigurationIsVisible = 0;
			defaultConfigurationName = Release;
		};
		A3AB9E6D17BE29C6005BA310 /* Build configuration list for PBXNativeTarget "はじめてきねんび" */ = {
			isa = XCConfigurationList;
			buildConfigurations = (
				A3AB9E6E17BE29C6005BA310 /* Debug */,
				A3AB9E6F17BE29C6005BA310 /* Release */,
			);
			defaultConfigurationIsVisible = 0;
			defaultConfigurationName = Release;
		};
/* End XCConfigurationList section */
	};
	rootObject = A3AB9E3F17BE29C6005BA310 /* Project object */;
}
