<?xml version="1.0" encoding="UTF-8"?>
<Scheme
   LastUpgradeVersion = "0460"
   version = "1.3">
   <BuildAction
      parallelizeBuildables = "YES"
      buildImplicitDependencies = "YES">
      <BuildActionEntries>
         <BuildActionEntry
            buildForTesting = "YES"
            buildForRunning = "YES"
            buildForProfiling = "YES"
            buildForArchiving = "YES"
            buildForAnalyzing = "YES">
            <BuildableReference
               BuildableIdentifier = "primary"
               BlueprintIdentifier = "A3AB9E4617BE29C6005BA310"
               BuildableName = "&#12399;&#12375;&#12441;&#12417;&#12390;&#12365;&#12397;&#12435;&#12402;&#12441;.app"
               BlueprintName = "&#12399;&#12375;&#12441;&#12417;&#12390;&#12365;&#12397;&#12435;&#12402;&#12441;"
               ReferencedContainer = "container:&#12399;&#12375;&#12441;&#12417;&#12390;&#12365;&#12397;&#12435;&#12402;&#12441;.xcodeproj">
            </BuildableReference>
         </BuildActionEntry>
      </BuildActionEntries>
   </BuildAction>
   <TestAction
      selectedDebuggerIdentifier = "Xcode.DebuggerFoundation.Debugger.LLDB"
      selectedLauncherIdentifier = "Xcode.DebuggerFoundation.Launcher.LLDB"
      shouldUseLaunchSchemeArgsEnv = "YES"
      buildConfiguration = "Debug">
      <Testables>
      </Testables>
      <MacroExpansion>
         <BuildableReference
            BuildableIdentifier = "primary"
            BlueprintIdentifier = "A3AB9E4617BE29C6005BA310"
            BuildableName = "&#12399;&#12375;&#12441;&#12417;&#12390;&#12365;&#12397;&#12435;&#12402;&#12441;.app"
            BlueprintName = "&#12399;&#12375;&#12441;&#12417;&#12390;&#12365;&#12397;&#12435;&#12402;&#12441;"
            ReferencedContainer = "container:&#12399;&#12375;&#12441;&#12417;&#12390;&#12365;&#12397;&#12435;&#12402;&#12441;.xcodeproj">
         </BuildableReference>
      </MacroExpansion>
   </TestAction>
   <LaunchAction
      selectedDebuggerIdentifier = "Xcode.DebuggerFoundation.Debugger.LLDB"
      selectedLauncherIdentifier = "Xcode.DebuggerFoundation.Launcher.LLDB"
      launchStyle = "0"
      useCustomWorkingDirectory = "NO"
      buildConfiguration = "Debug"
      ignoresPersistentStateOnLaunch = "NO"
      debugDocumentVersioning = "YES"
      allowLocationSimulation = "YES">
      <BuildableProductRunnable>
         <BuildableReference
            BuildableIdentifier = "primary"
            BlueprintIdentifier = "A3AB9E4617BE29C6005BA310"
            BuildableName = "&#12399;&#12375;&#12441;&#12417;&#12390;&#12365;&#12397;&#12435;&#12402;&#12441;.app"
            BlueprintName = "&#12399;&#12375;&#12441;&#12417;&#12390;&#12365;&#12397;&#12435;&#12402;&#12441;"
            ReferencedContainer = "container:&#12399;&#12375;&#12441;&#12417;&#12390;&#12365;&#12397;&#12435;&#12402;&#12441;.xcodeproj">
         </BuildableReference>
      </BuildableProductRunnable>
      <AdditionalOptions>
      </AdditionalOptions>
   </LaunchAction>
   <ProfileAction
      shouldUseLaunchSchemeArgsEnv = "YES"
      savedToolIdentifier = ""
      useCustomWorkingDirectory = "NO"
      buildConfiguration = "Release"
      debugDocumentVersioning = "YES">
      <BuildableProductRunnable>
         <BuildableReference
            BuildableIdentifier = "primary"
            BlueprintIdentifier = "A3AB9E4617BE29C6005BA310"
            BuildableName = "&#12399;&#12375;&#12441;&#12417;&#12390;&#12365;&#12397;&#12435;&#12402;&#12441;.app"
            BlueprintName = "&#12399;&#12375;&#12441;&#12417;&#12390;&#12365;&#12397;&#12435;&#12402;&#12441;"
            ReferencedContainer = "container:&#12399;&#12375;&#12441;&#12417;&#12390;&#12365;&#12397;&#12435;&#12402;&#12441;.xcodeproj">
         </BuildableReference>
      </BuildableProductRunnable>
   </ProfileAction>
   <AnalyzeAction
      buildConfiguration = "Debug">
   </AnalyzeAction>
   <ArchiveAction
      buildConfiguration = "Release"
      revealArchiveInOrganizer = "YES">
   </ArchiveAction>
</Scheme>
